
Microsoft Visual Studio Solution File, Format Version 12.00
# Visual Studio Version 17
VisualStudioVersion = 17.0.31903.59
MinimumVisualStudioVersion = 10.0.40219.1
Project("{FAE04EC0-301F-11D3-BF4B-00C04F79EFBC}") = "Sisyphus.Build", "Sisyphus.Build\Sisyphus.Build.csproj", "{F7D1C7DF-496D-44ED-8C55-876BAC51A5FA}"
EndProject
Project("{FAE04EC0-301F-11D3-BF4B-00C04F79EFBC}") = "Sisyphus.Build.Tests", "Sisyphus.Build.Tests\Sisyphus.Build.Tests.csproj", "{111921D9-2CE9-4E65-9F24-2ACA2868A026}"
EndProject
Project("{FAE04EC0-301F-11D3-BF4B-00C04F79EFBC}") = "Sisyphus.ExampleMod", "Sisyphus.ExampleMod\Sisyphus.ExampleMod.csproj", "{C8623803-0BD2-4F11-960F-0A8090CB82A3}"
EndProject
Project("{FAE04EC0-301F-11D3-BF4B-00C04F79EFBC}") = "Sisyphus", "Sisyphus\Sisyphus.csproj", "{19538BE6-BCA5-4FCF-B8EF-C499D13D7F0B}"
EndProject
Project("{FAE04EC0-301F-11D3-BF4B-00C04F79EFBC}") = "Sisyphus.Stubs", "Sisyphus.Stubs\Sisyphus.Stubs.csproj", "{53E961D5-8724-4255-8225-7534F647C995}"
EndProject
Project("{2150E333-8FDC-42A3-9474-1A3956D46DE8}") = "build", "build", "{C3884376-0D63-458A-9378-FC7BAEDE7DAD}"
	ProjectSection(SolutionItems) = preProject
		..\build\Tomat.Sisyphus.GamePath.targets = ..\build\Tomat.Sisyphus.GamePath.targets
		..\build\Tomat.Sisyphus.GameReferences.targets = ..\build\Tomat.Sisyphus.GameReferences.targets
		..\build\Tomat.Sisyphus.GameRunner.targets = ..\build\Tomat.Sisyphus.GameRunner.targets
	EndProjectSection
EndProject
Global
	GlobalSection(SolutionConfigurationPlatforms) = preSolution
		Debug|Any CPU = Debug|Any CPU
		Release|Any CPU = Release|Any CPU
	EndGlobalSection
	GlobalSection(SolutionProperties) = preSolution
		HideSolutionNode = FALSE
	EndGlobalSection
	GlobalSection(ProjectConfigurationPlatforms) = postSolution
		{F7D1C7DF-496D-44ED-8C55-876BAC51A5FA}.Debug|Any CPU.ActiveCfg = Debug|Any CPU
		{F7D1C7DF-496D-44ED-8C55-876BAC51A5FA}.Debug|Any CPU.Build.0 = Debug|Any CPU
		{F7D1C7DF-496D-44ED-8C55-876BAC51A5FA}.Release|Any CPU.ActiveCfg = Release|Any CPU
		{F7D1C7DF-496D-44ED-8C55-876BAC51A5FA}.Release|Any CPU.Build.0 = Release|Any CPU
		{111921D9-2CE9-4E65-9F24-2ACA2868A026}.Debug|Any CPU.ActiveCfg = Debug|Any CPU
		{111921D9-2CE9-4E65-9F24-2ACA2868A026}.Debug|Any CPU.Build.0 = Debug|Any CPU
		{111921D9-2CE9-4E65-9F24-2ACA2868A026}.Release|Any CPU.ActiveCfg = Release|Any CPU
		{111921D9-2CE9-4E65-9F24-2ACA2868A026}.Release|Any CPU.Build.0 = Release|Any CPU
		{C8623803-0BD2-4F11-960F-0A8090CB82A3}.Debug|Any CPU.ActiveCfg = Debug|Any CPU
		{C8623803-0BD2-4F11-960F-0A8090CB82A3}.Debug|Any CPU.Build.0 = Debug|Any CPU
		{C8623803-0BD2-4F11-960F-0A8090CB82A3}.Release|Any CPU.ActiveCfg = Release|Any CPU
		{C8623803-0BD2-4F11-960F-0A8090CB82A3}.Release|Any CPU.Build.0 = Release|Any CPU
		{19538BE6-BCA5-4FCF-B8EF-C499D13D7F0B}.Debug|Any CPU.ActiveCfg = Debug|Any CPU
		{19538BE6-BCA5-4FCF-B8EF-C499D13D7F0B}.Debug|Any CPU.Build.0 = Debug|Any CPU
		{19538BE6-BCA5-4FCF-B8EF-C499D13D7F0B}.Release|Any CPU.ActiveCfg = Release|Any CPU
		{19538BE6-BCA5-4FCF-B8EF-C499D13D7F0B}.Release|Any CPU.Build.0 = Release|Any CPU
		{53E961D5-8724-4255-8225-7534F647C995}.Debug|Any CPU.ActiveCfg = Debug|Any CPU
		{53E961D5-8724-4255-8225-7534F647C995}.Debug|Any CPU.Build.0 = Debug|Any CPU
		{53E961D5-8724-4255-8225-7534F647C995}.Release|Any CPU.ActiveCfg = Release|Any CPU
		{53E961D5-8724-4255-8225-7534F647C995}.Release|Any CPU.Build.0 = Release|Any CPU
	EndGlobalSection
EndGlobal
